
Microsoft Visual Studio Solution File, Format Version 12.00
# Visual Studio Version 17
VisualStudioVersion = 17.14.36310.24 d17.14
MinimumVisualStudioVersion = 10.0.40219.1
Project("{FAE04EC0-301F-11D3-BF4B-00C04F79EFBC}") = "Sonatto", "Sonatto\Sonatto.csproj", "{B0281614-B404-410A-A84D-219E6DF25D95}"
EndProject
Global
	GlobalSection(SolutionConfigurationPlatforms) = preSolution
		Debug|Any CPU = Debug|Any CPU
		Release|Any CPU = Release|Any CPU
	EndGlobalSection
	GlobalSection(ProjectConfigurationPlatforms) = postSolution
		{B0281614-B404-410A-A84D-219E6DF25D95}.Debug|Any CPU.ActiveCfg = Debug|Any CPU
		{B0281614-B404-410A-A84D-219E6DF25D95}.Debug|Any CPU.Build.0 = Debug|Any CPU
		{B0281614-B404-410A-A84D-219E6DF25D95}.Release|Any CPU.ActiveCfg = Release|Any CPU
		{B0281614-B404-410A-A84D-219E6DF25D95}.Release|Any CPU.Build.0 = Release|Any CPU
	EndGlobalSection
	GlobalSection(SolutionProperties) = preSolution
		HideSolutionNode = FALSE
	EndGlobalSection
	GlobalSection(ExtensibilityGlobals) = postSolution
		SolutionGuid = {2B2748B6-FE6C-43EA-848C-0AE850F80381}
	EndGlobalSection
EndGlobal
